// !$*UTF8*$!
{
	archiveVersion = 1;
	classes = {
	};
	objectVersion = 55;
	objects = {

/* Begin PBXBuildFile section */
		F40AA5A727B0F78B00987728 /* NetworkProvider.swift in Sources */ = {isa = PBXBuildFile; fileRef = F40AA5A627B0F78B00987728 /* NetworkProvider.swift */; };
		F40AA5A927B10FB000987728 /* NetworkFetcher.swift in Sources */ = {isa = PBXBuildFile; fileRef = F40AA5A827B10FB000987728 /* NetworkFetcher.swift */; };
		F40AA5AB27B1195D00987728 /* MockFetcher.swift in Sources */ = {isa = PBXBuildFile; fileRef = F40AA5AA27B1195D00987728 /* MockFetcher.swift */; };
		F4E707C127B091C300DD5011 /* AppDelegate.swift in Sources */ = {isa = PBXBuildFile; fileRef = F4E707C027B091C300DD5011 /* AppDelegate.swift */; };
		F4E707CA27B091C400DD5011 /* Assets.xcassets in Resources */ = {isa = PBXBuildFile; fileRef = F4E707C927B091C400DD5011 /* Assets.xcassets */; };
		F4E707D827B091C400DD5011 /* CommTests.swift in Sources */ = {isa = PBXBuildFile; fileRef = F4E707D727B091C400DD5011 /* CommTests.swift */; };
		F4E707E227B091C400DD5011 /* CommUITests.swift in Sources */ = {isa = PBXBuildFile; fileRef = F4E707E127B091C400DD5011 /* CommUITests.swift */; };
		F4E707E427B091C400DD5011 /* CommUITestsLaunchTests.swift in Sources */ = {isa = PBXBuildFile; fileRef = F4E707E327B091C400DD5011 /* CommUITestsLaunchTests.swift */; };
		F4E707F227B0956000DD5011 /* TransactionsViewController.swift in Sources */ = {isa = PBXBuildFile; fileRef = F4E707F127B0956000DD5011 /* TransactionsViewController.swift */; };
		F4E707F527B0968700DD5011 /* Account.swift in Sources */ = {isa = PBXBuildFile; fileRef = F4E707F427B0968700DD5011 /* Account.swift */; };
		F4E707F727B0969600DD5011 /* Transaction.swift in Sources */ = {isa = PBXBuildFile; fileRef = F4E707F627B0969600DD5011 /* Transaction.swift */; };
		F4E707F927B096A000DD5011 /* ATM.swift in Sources */ = {isa = PBXBuildFile; fileRef = F4E707F827B096A000DD5011 /* ATM.swift */; };
		F4E707FB27B096AD00DD5011 /* Location.swift in Sources */ = {isa = PBXBuildFile; fileRef = F4E707FA27B096AD00DD5011 /* Location.swift */; };
		F4E707FD27B096B700DD5011 /* Exercise.swift in Sources */ = {isa = PBXBuildFile; fileRef = F4E707FC27B096B700DD5011 /* Exercise.swift */; };
		F4E7080027B0973500DD5011 /* TransactionsViewModel.swift in Sources */ = {isa = PBXBuildFile; fileRef = F4E707FF27B0973500DD5011 /* TransactionsViewModel.swift */; };
		F4E7080327B0977000DD5011 /* TransactionCell.swift in Sources */ = {isa = PBXBuildFile; fileRef = F4E7080227B0977000DD5011 /* TransactionCell.swift */; };
		F4E7080527B0979F00DD5011 /* TransactionHeader.swift in Sources */ = {isa = PBXBuildFile; fileRef = F4E7080427B0979F00DD5011 /* TransactionHeader.swift */; };
		F4E7080727B097D200DD5011 /* AccountDetailsHeader.swift in Sources */ = {isa = PBXBuildFile; fileRef = F4E7080627B097D200DD5011 /* AccountDetailsHeader.swift */; };
		F4E7080A27B0981900DD5011 /* UIView+Helpers.swift in Sources */ = {isa = PBXBuildFile; fileRef = F4E7080927B0981900DD5011 /* UIView+Helpers.swift */; };
		F4E7080C27B0983D00DD5011 /* UIStackView+Helpers.swift in Sources */ = {isa = PBXBuildFile; fileRef = F4E7080B27B0983D00DD5011 /* UIStackView+Helpers.swift */; };
		F4E7080E27B0986300DD5011 /* UILabel+Helpers.swift in Sources */ = {isa = PBXBuildFile; fileRef = F4E7080D27B0986300DD5011 /* UILabel+Helpers.swift */; };
		F4E7081027B098BA00DD5011 /* Date+Helpers.swift in Sources */ = {isa = PBXBuildFile; fileRef = F4E7080F27B098BA00DD5011 /* Date+Helpers.swift */; };
		F4E7081227B098FB00DD5011 /* URLSession+Helpers.swift in Sources */ = {isa = PBXBuildFile; fileRef = F4E7081127B098FB00DD5011 /* URLSession+Helpers.swift */; };
		F4E7081427B0993500DD5011 /* UIColor+Assets.swift in Sources */ = {isa = PBXBuildFile; fileRef = F4E7081327B0993500DD5011 /* UIColor+Assets.swift */; };
		F4E7081627B0994D00DD5011 /* UIImage+Assets.swift in Sources */ = {isa = PBXBuildFile; fileRef = F4E7081527B0994D00DD5011 /* UIImage+Assets.swift */; };
		F4E7081927B0A73700DD5011 /* UIColor+Helpers.swift in Sources */ = {isa = PBXBuildFile; fileRef = F4E7081827B0A73700DD5011 /* UIColor+Helpers.swift */; };
		F4E7081B27B0B47300DD5011 /* FindUsMapViewController.swift in Sources */ = {isa = PBXBuildFile; fileRef = F4E7081A27B0B47300DD5011 /* FindUsMapViewController.swift */; };
		F4E7081D27B0BA5B00DD5011 /* MKMapView+Helpers.swift in Sources */ = {isa = PBXBuildFile; fileRef = F4E7081C27B0BA5B00DD5011 /* MKMapView+Helpers.swift */; };
		F4E7081F27B0BE1800DD5011 /* FindUsViewModel.swift in Sources */ = {isa = PBXBuildFile; fileRef = F4E7081E27B0BE1800DD5011 /* FindUsViewModel.swift */; };
/* End PBXBuildFile section */

/* Begin PBXContainerItemProxy section */
		F4E707D427B091C400DD5011 /* PBXContainerItemProxy */ = {
			isa = PBXContainerItemProxy;
			containerPortal = F4E707B527B091C300DD5011 /* Project object */;
			proxyType = 1;
			remoteGlobalIDString = F4E707BC27B091C300DD5011;
			remoteInfo = comm;
		};
		F4E707DE27B091C400DD5011 /* PBXContainerItemProxy */ = {
			isa = PBXContainerItemProxy;
			containerPortal = F4E707B527B091C300DD5011 /* Project object */;
			proxyType = 1;
			remoteGlobalIDString = F4E707BC27B091C300DD5011;
			remoteInfo = comm;
		};
/* End PBXContainerItemProxy section */

/* Begin PBXFileReference section */
		F40AA5A627B0F78B00987728 /* NetworkProvider.swift */ = {isa = PBXFileReference; lastKnownFileType = sourcecode.swift; path = NetworkProvider.swift; sourceTree = "<group>"; };
		F40AA5A827B10FB000987728 /* NetworkFetcher.swift */ = {isa = PBXFileReference; lastKnownFileType = sourcecode.swift; path = NetworkFetcher.swift; sourceTree = "<group>"; };
		F40AA5AA27B1195D00987728 /* MockFetcher.swift */ = {isa = PBXFileReference; lastKnownFileType = sourcecode.swift; path = MockFetcher.swift; sourceTree = "<group>"; };
		F4E707BD27B091C300DD5011 /* comm.app */ = {isa = PBXFileReference; explicitFileType = wrapper.application; includeInIndex = 0; path = comm.app; sourceTree = BUILT_PRODUCTS_DIR; };
		F4E707C027B091C300DD5011 /* AppDelegate.swift */ = {isa = PBXFileReference; lastKnownFileType = sourcecode.swift; path = AppDelegate.swift; sourceTree = "<group>"; };
		F4E707C927B091C400DD5011 /* Assets.xcassets */ = {isa = PBXFileReference; lastKnownFileType = folder.assetcatalog; path = Assets.xcassets; sourceTree = "<group>"; };
		F4E707CE27B091C400DD5011 /* Info.plist */ = {isa = PBXFileReference; lastKnownFileType = text.plist.xml; path = Info.plist; sourceTree = "<group>"; };
		F4E707D327B091C400DD5011 /* commTests.xctest */ = {isa = PBXFileReference; explicitFileType = wrapper.cfbundle; includeInIndex = 0; path = commTests.xctest; sourceTree = BUILT_PRODUCTS_DIR; };
		F4E707D727B091C400DD5011 /* CommTests.swift */ = {isa = PBXFileReference; lastKnownFileType = sourcecode.swift; path = CommTests.swift; sourceTree = "<group>"; };
		F4E707DD27B091C400DD5011 /* commUITests.xctest */ = {isa = PBXFileReference; explicitFileType = wrapper.cfbundle; includeInIndex = 0; path = commUITests.xctest; sourceTree = BUILT_PRODUCTS_DIR; };
		F4E707E127B091C400DD5011 /* CommUITests.swift */ = {isa = PBXFileReference; lastKnownFileType = sourcecode.swift; path = CommUITests.swift; sourceTree = "<group>"; };
		F4E707E327B091C400DD5011 /* CommUITestsLaunchTests.swift */ = {isa = PBXFileReference; lastKnownFileType = sourcecode.swift; path = CommUITestsLaunchTests.swift; sourceTree = "<group>"; };
		F4E707F127B0956000DD5011 /* TransactionsViewController.swift */ = {isa = PBXFileReference; lastKnownFileType = sourcecode.swift; path = TransactionsViewController.swift; sourceTree = "<group>"; };
		F4E707F427B0968700DD5011 /* Account.swift */ = {isa = PBXFileReference; lastKnownFileType = sourcecode.swift; path = Account.swift; sourceTree = "<group>"; };
		F4E707F627B0969600DD5011 /* Transaction.swift */ = {isa = PBXFileReference; lastKnownFileType = sourcecode.swift; path = Transaction.swift; sourceTree = "<group>"; };
		F4E707F827B096A000DD5011 /* ATM.swift */ = {isa = PBXFileReference; lastKnownFileType = sourcecode.swift; path = ATM.swift; sourceTree = "<group>"; };
		F4E707FA27B096AD00DD5011 /* Location.swift */ = {isa = PBXFileReference; lastKnownFileType = sourcecode.swift; path = Location.swift; sourceTree = "<group>"; };
		F4E707FC27B096B700DD5011 /* Exercise.swift */ = {isa = PBXFileReference; lastKnownFileType = sourcecode.swift; path = Exercise.swift; sourceTree = "<group>"; };
		F4E707FF27B0973500DD5011 /* TransactionsViewModel.swift */ = {isa = PBXFileReference; lastKnownFileType = sourcecode.swift; path = TransactionsViewModel.swift; sourceTree = "<group>"; };
		F4E7080227B0977000DD5011 /* TransactionCell.swift */ = {isa = PBXFileReference; lastKnownFileType = sourcecode.swift; path = TransactionCell.swift; sourceTree = "<group>"; };
		F4E7080427B0979F00DD5011 /* TransactionHeader.swift */ = {isa = PBXFileReference; lastKnownFileType = sourcecode.swift; path = TransactionHeader.swift; sourceTree = "<group>"; };
		F4E7080627B097D200DD5011 /* AccountDetailsHeader.swift */ = {isa = PBXFileReference; lastKnownFileType = sourcecode.swift; path = AccountDetailsHeader.swift; sourceTree = "<group>"; };
		F4E7080927B0981900DD5011 /* UIView+Helpers.swift */ = {isa = PBXFileReference; lastKnownFileType = sourcecode.swift; path = "UIView+Helpers.swift"; sourceTree = "<group>"; };
		F4E7080B27B0983D00DD5011 /* UIStackView+Helpers.swift */ = {isa = PBXFileReference; lastKnownFileType = sourcecode.swift; path = "UIStackView+Helpers.swift"; sourceTree = "<group>"; };
		F4E7080D27B0986300DD5011 /* UILabel+Helpers.swift */ = {isa = PBXFileReference; lastKnownFileType = sourcecode.swift; path = "UILabel+Helpers.swift"; sourceTree = "<group>"; };
		F4E7080F27B098BA00DD5011 /* Date+Helpers.swift */ = {isa = PBXFileReference; lastKnownFileType = sourcecode.swift; path = "Date+Helpers.swift"; sourceTree = "<group>"; };
		F4E7081127B098FB00DD5011 /* URLSession+Helpers.swift */ = {isa = PBXFileReference; lastKnownFileType = sourcecode.swift; path = "URLSession+Helpers.swift"; sourceTree = "<group>"; };
		F4E7081327B0993500DD5011 /* UIColor+Assets.swift */ = {isa = PBXFileReference; lastKnownFileType = sourcecode.swift; path = "UIColor+Assets.swift"; sourceTree = "<group>"; };
		F4E7081527B0994D00DD5011 /* UIImage+Assets.swift */ = {isa = PBXFileReference; lastKnownFileType = sourcecode.swift; path = "UIImage+Assets.swift"; sourceTree = "<group>"; };
		F4E7081827B0A73700DD5011 /* UIColor+Helpers.swift */ = {isa = PBXFileReference; lastKnownFileType = sourcecode.swift; path = "UIColor+Helpers.swift"; sourceTree = "<group>"; };
		F4E7081A27B0B47300DD5011 /* FindUsMapViewController.swift */ = {isa = PBXFileReference; lastKnownFileType = sourcecode.swift; path = FindUsMapViewController.swift; sourceTree = "<group>"; };
		F4E7081C27B0BA5B00DD5011 /* MKMapView+Helpers.swift */ = {isa = PBXFileReference; lastKnownFileType = sourcecode.swift; path = "MKMapView+Helpers.swift"; sourceTree = "<group>"; };
		F4E7081E27B0BE1800DD5011 /* FindUsViewModel.swift */ = {isa = PBXFileReference; lastKnownFileType = sourcecode.swift; path = FindUsViewModel.swift; sourceTree = "<group>"; };
/* End PBXFileReference section */

/* Begin PBXFrameworksBuildPhase section */
		F4E707BA27B091C300DD5011 /* Frameworks */ = {
			isa = PBXFrameworksBuildPhase;
			buildActionMask = 2147483647;
			files = (
			);
			runOnlyForDeploymentPostprocessing = 0;
		};
		F4E707D027B091C400DD5011 /* Frameworks */ = {
			isa = PBXFrameworksBuildPhase;
			buildActionMask = 2147483647;
			files = (
			);
			runOnlyForDeploymentPostprocessing = 0;
		};
		F4E707DA27B091C400DD5011 /* Frameworks */ = {
			isa = PBXFrameworksBuildPhase;
			buildActionMask = 2147483647;
			files = (
			);
			runOnlyForDeploymentPostprocessing = 0;
		};
/* End PBXFrameworksBuildPhase section */

/* Begin PBXGroup section */
		F40AA5A527B0F67200987728 /* Providers */ = {
			isa = PBXGroup;
			children = (
				F40AA5A627B0F78B00987728 /* NetworkProvider.swift */,
				F40AA5A827B10FB000987728 /* NetworkFetcher.swift */,
				F40AA5AA27B1195D00987728 /* MockFetcher.swift */,
			);
			path = Providers;
			sourceTree = "<group>";
		};
		F4E707B427B091C300DD5011 = {
			isa = PBXGroup;
			children = (
				F4E707BF27B091C300DD5011 /* comm */,
				F4E707D627B091C400DD5011 /* commTests */,
				F4E707E027B091C400DD5011 /* commUITests */,
				F4E707BE27B091C300DD5011 /* Products */,
			);
			sourceTree = "<group>";
		};
		F4E707BE27B091C300DD5011 /* Products */ = {
			isa = PBXGroup;
			children = (
				F4E707BD27B091C300DD5011 /* comm.app */,
				F4E707D327B091C400DD5011 /* commTests.xctest */,
				F4E707DD27B091C400DD5011 /* commUITests.xctest */,
			);
			name = Products;
			sourceTree = "<group>";
		};
		F4E707BF27B091C300DD5011 /* comm */ = {
			isa = PBXGroup;
			children = (
				F4E707C027B091C300DD5011 /* AppDelegate.swift */,
				F4E707F327B0956500DD5011 /* Controllers */,
				F4E707FE27B096BB00DD5011 /* Data */,
				F40AA5A527B0F67200987728 /* Providers */,
				F4E7080127B0975200DD5011 /* ViewModels */,
				F4E7080827B097E800DD5011 /* Views */,
				F4E707C927B091C400DD5011 /* Assets.xcassets */,
				F4E707CE27B091C400DD5011 /* Info.plist */,
				F4E7081727B0995900DD5011 /* Extensions */,
			);
			path = comm;
			sourceTree = "<group>";
		};
		F4E707D627B091C400DD5011 /* commTests */ = {
			isa = PBXGroup;
			children = (
				F4E707D727B091C400DD5011 /* CommTests.swift */,
			);
			path = commTests;
			sourceTree = "<group>";
		};
		F4E707E027B091C400DD5011 /* commUITests */ = {
			isa = PBXGroup;
			children = (
				F4E707E127B091C400DD5011 /* CommUITests.swift */,
				F4E707E327B091C400DD5011 /* CommUITestsLaunchTests.swift */,
			);
			path = commUITests;
			sourceTree = "<group>";
		};
		F4E707F327B0956500DD5011 /* Controllers */ = {
			isa = PBXGroup;
			children = (
				F4E707F127B0956000DD5011 /* TransactionsViewController.swift */,
				F4E7081A27B0B47300DD5011 /* FindUsMapViewController.swift */,
			);
			path = Controllers;
			sourceTree = "<group>";
		};
		F4E707FE27B096BB00DD5011 /* Data */ = {
			isa = PBXGroup;
			children = (
				F4E707FC27B096B700DD5011 /* Exercise.swift */,
				F4E707F427B0968700DD5011 /* Account.swift */,
				F4E707F627B0969600DD5011 /* Transaction.swift */,
				F4E707F827B096A000DD5011 /* ATM.swift */,
				F4E707FA27B096AD00DD5011 /* Location.swift */,
			);
			path = Data;
			sourceTree = "<group>";
		};
		F4E7080127B0975200DD5011 /* ViewModels */ = {
			isa = PBXGroup;
			children = (
				F4E707FF27B0973500DD5011 /* TransactionsViewModel.swift */,
				F4E7081E27B0BE1800DD5011 /* FindUsViewModel.swift */,
			);
			path = ViewModels;
			sourceTree = "<group>";
		};
		F4E7080827B097E800DD5011 /* Views */ = {
			isa = PBXGroup;
			children = (
				F4E7080227B0977000DD5011 /* TransactionCell.swift */,
				F4E7080427B0979F00DD5011 /* TransactionHeader.swift */,
				F4E7080627B097D200DD5011 /* AccountDetailsHeader.swift */,
			);
			path = Views;
			sourceTree = "<group>";
		};
		F4E7081727B0995900DD5011 /* Extensions */ = {
			isa = PBXGroup;
			children = (
				F4E7080927B0981900DD5011 /* UIView+Helpers.swift */,
				F4E7080B27B0983D00DD5011 /* UIStackView+Helpers.swift */,
				F4E7080D27B0986300DD5011 /* UILabel+Helpers.swift */,
				F4E7080F27B098BA00DD5011 /* Date+Helpers.swift */,
				F4E7081127B098FB00DD5011 /* URLSession+Helpers.swift */,
				F4E7081827B0A73700DD5011 /* UIColor+Helpers.swift */,
				F4E7081327B0993500DD5011 /* UIColor+Assets.swift */,
				F4E7081527B0994D00DD5011 /* UIImage+Assets.swift */,
				F4E7081C27B0BA5B00DD5011 /* MKMapView+Helpers.swift */,
			);
			path = Extensions;
			sourceTree = "<group>";
		};
/* End PBXGroup section */

/* Begin PBXNativeTarget section */
		F4E707BC27B091C300DD5011 /* comm */ = {
			isa = PBXNativeTarget;
			buildConfigurationList = F4E707E727B091C400DD5011 /* Build configuration list for PBXNativeTarget "comm" */;
			buildPhases = (
				F4E707F027B0946C00DD5011 /* ShellScript */,
				F4E707B927B091C300DD5011 /* Sources */,
				F4E707BA27B091C300DD5011 /* Frameworks */,
				F4E707BB27B091C300DD5011 /* Resources */,
			);
			buildRules = (
			);
			dependencies = (
			);
			name = comm;
			productName = comm;
			productReference = F4E707BD27B091C300DD5011 /* comm.app */;
			productType = "com.apple.product-type.application";
		};
		F4E707D227B091C400DD5011 /* commTests */ = {
			isa = PBXNativeTarget;
			buildConfigurationList = F4E707EA27B091C400DD5011 /* Build configuration list for PBXNativeTarget "commTests" */;
			buildPhases = (
				F4E707CF27B091C400DD5011 /* Sources */,
				F4E707D027B091C400DD5011 /* Frameworks */,
				F4E707D127B091C400DD5011 /* Resources */,
			);
			buildRules = (
			);
			dependencies = (
				F4E707D527B091C400DD5011 /* PBXTargetDependency */,
			);
			name = commTests;
			productName = commTests;
			productReference = F4E707D327B091C400DD5011 /* commTests.xctest */;
			productType = "com.apple.product-type.bundle.unit-test";
		};
		F4E707DC27B091C400DD5011 /* commUITests */ = {
			isa = PBXNativeTarget;
			buildConfigurationList = F4E707ED27B091C400DD5011 /* Build configuration list for PBXNativeTarget "commUITests" */;
			buildPhases = (
				F4E707D927B091C400DD5011 /* Sources */,
				F4E707DA27B091C400DD5011 /* Frameworks */,
				F4E707DB27B091C400DD5011 /* Resources */,
			);
			buildRules = (
			);
			dependencies = (
				F4E707DF27B091C400DD5011 /* PBXTargetDependency */,
			);
			name = commUITests;
			productName = commUITests;
			productReference = F4E707DD27B091C400DD5011 /* commUITests.xctest */;
			productType = "com.apple.product-type.bundle.ui-testing";
		};
/* End PBXNativeTarget section */

/* Begin PBXProject section */
		F4E707B527B091C300DD5011 /* Project object */ = {
			isa = PBXProject;
			attributes = {
				BuildIndependentTargetsInParallel = 1;
				LastSwiftUpdateCheck = 1320;
				LastUpgradeCheck = 1320;
				TargetAttributes = {
					F4E707BC27B091C300DD5011 = {
						CreatedOnToolsVersion = 13.2.1;
					};
					F4E707D227B091C400DD5011 = {
						CreatedOnToolsVersion = 13.2.1;
						TestTargetID = F4E707BC27B091C300DD5011;
					};
					F4E707DC27B091C400DD5011 = {
						CreatedOnToolsVersion = 13.2.1;
						TestTargetID = F4E707BC27B091C300DD5011;
					};
				};
			};
			buildConfigurationList = F4E707B827B091C300DD5011 /* Build configuration list for PBXProject "comm" */;
			compatibilityVersion = "Xcode 13.0";
			developmentRegion = en;
			hasScannedForEncodings = 0;
			knownRegions = (
				en,
				Base,
			);
			mainGroup = F4E707B427B091C300DD5011;
			productRefGroup = F4E707BE27B091C300DD5011 /* Products */;
			projectDirPath = "";
			projectRoot = "";
			targets = (
				F4E707BC27B091C300DD5011 /* comm */,
				F4E707D227B091C400DD5011 /* commTests */,
				F4E707DC27B091C400DD5011 /* commUITests */,
			);
		};
/* End PBXProject section */

/* Begin PBXResourcesBuildPhase section */
		F4E707BB27B091C300DD5011 /* Resources */ = {
			isa = PBXResourcesBuildPhase;
			buildActionMask = 2147483647;
			files = (
				F4E707CA27B091C400DD5011 /* Assets.xcassets in Resources */,
			);
			runOnlyForDeploymentPostprocessing = 0;
		};
		F4E707D127B091C400DD5011 /* Resources */ = {
			isa = PBXResourcesBuildPhase;
			buildActionMask = 2147483647;
			files = (
			);
			runOnlyForDeploymentPostprocessing = 0;
		};
		F4E707DB27B091C400DD5011 /* Resources */ = {
			isa = PBXResourcesBuildPhase;
			buildActionMask = 2147483647;
			files = (
			);
			runOnlyForDeploymentPostprocessing = 0;
		};
/* End PBXResourcesBuildPhase section */

/* Begin PBXShellScriptBuildPhase section */
		F4E707F027B0946C00DD5011 /* ShellScript */ = {
			isa = PBXShellScriptBuildPhase;
			buildActionMask = 2147483647;
			files = (
			);
			inputFileListPaths = (
			);
			inputPaths = (
			);
			outputFileListPaths = (
			);
			outputPaths = (
			);
			runOnlyForDeploymentPostprocessing = 0;
			shellPath = /bin/sh;
			shellScript = "if which swiftlint >/dev/null; then\n  swiftlint\nelse\n  echo \"warning: SwiftLint not installed, download from https://github.com/realm/SwiftLint\"\nfi\n";
		};
/* End PBXShellScriptBuildPhase section */

/* Begin PBXSourcesBuildPhase section */
		F4E707B927B091C300DD5011 /* Sources */ = {
			isa = PBXSourcesBuildPhase;
			buildActionMask = 2147483647;
			files = (
				F4E7080C27B0983D00DD5011 /* UIStackView+Helpers.swift in Sources */,
				F4E707C127B091C300DD5011 /* AppDelegate.swift in Sources */,
				F4E7080527B0979F00DD5011 /* TransactionHeader.swift in Sources */,
				F4E707F227B0956000DD5011 /* TransactionsViewController.swift in Sources */,
				F40AA5A727B0F78B00987728 /* NetworkProvider.swift in Sources */,
				F4E7081D27B0BA5B00DD5011 /* MKMapView+Helpers.swift in Sources */,
				F4E7081027B098BA00DD5011 /* Date+Helpers.swift in Sources */,
				F4E707F727B0969600DD5011 /* Transaction.swift in Sources */,
				F40AA5AB27B1195D00987728 /* MockFetcher.swift in Sources */,
				F4E7081B27B0B47300DD5011 /* FindUsMapViewController.swift in Sources */,
				F4E707F927B096A000DD5011 /* ATM.swift in Sources */,
				F4E7081427B0993500DD5011 /* UIColor+Assets.swift in Sources */,
				F4E707FB27B096AD00DD5011 /* Location.swift in Sources */,
				F40AA5A927B10FB000987728 /* NetworkFetcher.swift in Sources */,
				F4E7081927B0A73700DD5011 /* UIColor+Helpers.swift in Sources */,
				F4E7081227B098FB00DD5011 /* URLSession+Helpers.swift in Sources */,
				F4E7080327B0977000DD5011 /* TransactionCell.swift in Sources */,
				F4E707FD27B096B700DD5011 /* Exercise.swift in Sources */,
				F4E707F527B0968700DD5011 /* Account.swift in Sources */,
				F4E7080E27B0986300DD5011 /* UILabel+Helpers.swift in Sources */,
				F4E7080027B0973500DD5011 /* TransactionsViewModel.swift in Sources */,
				F4E7080A27B0981900DD5011 /* UIView+Helpers.swift in Sources */,
				F4E7081627B0994D00DD5011 /* UIImage+Assets.swift in Sources */,
				F4E7080727B097D200DD5011 /* AccountDetailsHeader.swift in Sources */,
				F4E7081F27B0BE1800DD5011 /* FindUsViewModel.swift in Sources */,
			);
			runOnlyForDeploymentPostprocessing = 0;
		};
		F4E707CF27B091C400DD5011 /* Sources */ = {
			isa = PBXSourcesBuildPhase;
			buildActionMask = 2147483647;
			files = (
				F4E707D827B091C400DD5011 /* CommTests.swift in Sources */,
			);
			runOnlyForDeploymentPostprocessing = 0;
		};
		F4E707D927B091C400DD5011 /* Sources */ = {
			isa = PBXSourcesBuildPhase;
			buildActionMask = 2147483647;
			files = (
				F4E707E427B091C400DD5011 /* CommUITestsLaunchTests.swift in Sources */,
				F4E707E227B091C400DD5011 /* CommUITests.swift in Sources */,
			);
			runOnlyForDeploymentPostprocessing = 0;
		};
/* End PBXSourcesBuildPhase section */

/* Begin PBXTargetDependency section */
		F4E707D527B091C400DD5011 /* PBXTargetDependency */ = {
			isa = PBXTargetDependency;
			target = F4E707BC27B091C300DD5011 /* comm */;
			targetProxy = F4E707D427B091C400DD5011 /* PBXContainerItemProxy */;
		};
		F4E707DF27B091C400DD5011 /* PBXTargetDependency */ = {
			isa = PBXTargetDependency;
			target = F4E707BC27B091C300DD5011 /* comm */;
			targetProxy = F4E707DE27B091C400DD5011 /* PBXContainerItemProxy */;
		};
/* End PBXTargetDependency section */

/* Begin XCBuildConfiguration section */
		F4E707E527B091C400DD5011 /* Debug */ = {
			isa = XCBuildConfiguration;
			buildSettings = {
				ALWAYS_SEARCH_USER_PATHS = NO;
				CLANG_ANALYZER_NONNULL = YES;
				CLANG_ANALYZER_NUMBER_OBJECT_CONVERSION = YES_AGGRESSIVE;
				CLANG_CXX_LANGUAGE_STANDARD = "gnu++17";
				CLANG_CXX_LIBRARY = "libc++";
				CLANG_ENABLE_MODULES = YES;
				CLANG_ENABLE_OBJC_ARC = YES;
				CLANG_ENABLE_OBJC_WEAK = YES;
				CLANG_WARN_BLOCK_CAPTURE_AUTORELEASING = YES;
				CLANG_WARN_BOOL_CONVERSION = YES;
				CLANG_WARN_COMMA = YES;
				CLANG_WARN_CONSTANT_CONVERSION = YES;
				CLANG_WARN_DEPRECATED_OBJC_IMPLEMENTATIONS = YES;
				CLANG_WARN_DIRECT_OBJC_ISA_USAGE = YES_ERROR;
				CLANG_WARN_DOCUMENTATION_COMMENTS = YES;
				CLANG_WARN_EMPTY_BODY = YES;
				CLANG_WARN_ENUM_CONVERSION = YES;
				CLANG_WARN_INFINITE_RECURSION = YES;
				CLANG_WARN_INT_CONVERSION = YES;
				CLANG_WARN_NON_LITERAL_NULL_CONVERSION = YES;
				CLANG_WARN_OBJC_IMPLICIT_RETAIN_SELF = YES;
				CLANG_WARN_OBJC_LITERAL_CONVERSION = YES;
				CLANG_WARN_OBJC_ROOT_CLASS = YES_ERROR;
				CLANG_WARN_QUOTED_INCLUDE_IN_FRAMEWORK_HEADER = YES;
				CLANG_WARN_RANGE_LOOP_ANALYSIS = YES;
				CLANG_WARN_STRICT_PROTOTYPES = YES;
				CLANG_WARN_SUSPICIOUS_MOVE = YES;
				CLANG_WARN_UNGUARDED_AVAILABILITY = YES_AGGRESSIVE;
				CLANG_WARN_UNREACHABLE_CODE = YES;
				CLANG_WARN__DUPLICATE_METHOD_MATCH = YES;
				COPY_PHASE_STRIP = NO;
				DEBUG_INFORMATION_FORMAT = dwarf;
				ENABLE_STRICT_OBJC_MSGSEND = YES;
				ENABLE_TESTABILITY = YES;
				GCC_C_LANGUAGE_STANDARD = gnu11;
				GCC_DYNAMIC_NO_PIC = NO;
				GCC_NO_COMMON_BLOCKS = YES;
				GCC_OPTIMIZATION_LEVEL = 0;
				GCC_PREPROCESSOR_DEFINITIONS = (
					"DEBUG=1",
					"$(inherited)",
				);
				GCC_WARN_64_TO_32_BIT_CONVERSION = YES;
				GCC_WARN_ABOUT_RETURN_TYPE = YES_ERROR;
				GCC_WARN_UNDECLARED_SELECTOR = YES;
				GCC_WARN_UNINITIALIZED_AUTOS = YES_AGGRESSIVE;
				GCC_WARN_UNUSED_FUNCTION = YES;
				GCC_WARN_UNUSED_VARIABLE = YES;
				IPHONEOS_DEPLOYMENT_TARGET = 12.0;
				MTL_ENABLE_DEBUG_INFO = INCLUDE_SOURCE;
				MTL_FAST_MATH = YES;
				ONLY_ACTIVE_ARCH = YES;
				SDKROOT = iphoneos;
				SWIFT_ACTIVE_COMPILATION_CONDITIONS = DEBUG;
				SWIFT_OPTIMIZATION_LEVEL = "-Onone";
			};
			name = Debug;
		};
		F4E707E627B091C400DD5011 /* Release */ = {
			isa = XCBuildConfiguration;
			buildSettings = {
				ALWAYS_SEARCH_USER_PATHS = NO;
				CLANG_ANALYZER_NONNULL = YES;
				CLANG_ANALYZER_NUMBER_OBJECT_CONVERSION = YES_AGGRESSIVE;
				CLANG_CXX_LANGUAGE_STANDARD = "gnu++17";
				CLANG_CXX_LIBRARY = "libc++";
				CLANG_ENABLE_MODULES = YES;
				CLANG_ENABLE_OBJC_ARC = YES;
				CLANG_ENABLE_OBJC_WEAK = YES;
				CLANG_WARN_BLOCK_CAPTURE_AUTORELEASING = YES;
				CLANG_WARN_BOOL_CONVERSION = YES;
				CLANG_WARN_COMMA = YES;
				CLANG_WARN_CONSTANT_CONVERSION = YES;
				CLANG_WARN_DEPRECATED_OBJC_IMPLEMENTATIONS = YES;
				CLANG_WARN_DIRECT_OBJC_ISA_USAGE = YES_ERROR;
				CLANG_WARN_DOCUMENTATION_COMMENTS = YES;
				CLANG_WARN_EMPTY_BODY = YES;
				CLANG_WARN_ENUM_CONVERSION = YES;
				CLANG_WARN_INFINITE_RECURSION = YES;
				CLANG_WARN_INT_CONVERSION = YES;
				CLANG_WARN_NON_LITERAL_NULL_CONVERSION = YES;
				CLANG_WARN_OBJC_IMPLICIT_RETAIN_SELF = YES;
				CLANG_WARN_OBJC_LITERAL_CONVERSION = YES;
				CLANG_WARN_OBJC_ROOT_CLASS = YES_ERROR;
				CLANG_WARN_QUOTED_INCLUDE_IN_FRAMEWORK_HEADER = YES;
				CLANG_WARN_RANGE_LOOP_ANALYSIS = YES;
				CLANG_WARN_STRICT_PROTOTYPES = YES;
				CLANG_WARN_SUSPICIOUS_MOVE = YES;
				CLANG_WARN_UNGUARDED_AVAILABILITY = YES_AGGRESSIVE;
				CLANG_WARN_UNREACHABLE_CODE = YES;
				CLANG_WARN__DUPLICATE_METHOD_MATCH = YES;
				COPY_PHASE_STRIP = NO;
				DEBUG_INFORMATION_FORMAT = "dwarf-with-dsym";
				ENABLE_NS_ASSERTIONS = NO;
				ENABLE_STRICT_OBJC_MSGSEND = YES;
				GCC_C_LANGUAGE_STANDARD = gnu11;
				GCC_NO_COMMON_BLOCKS = YES;
				GCC_WARN_64_TO_32_BIT_CONVERSION = YES;
				GCC_WARN_ABOUT_RETURN_TYPE = YES_ERROR;
				GCC_WARN_UNDECLARED_SELECTOR = YES;
				GCC_WARN_UNINITIALIZED_AUTOS = YES_AGGRESSIVE;
				GCC_WARN_UNUSED_FUNCTION = YES;
				GCC_WARN_UNUSED_VARIABLE = YES;
				IPHONEOS_DEPLOYMENT_TARGET = 12.0;
				MTL_ENABLE_DEBUG_INFO = NO;
				MTL_FAST_MATH = YES;
				SDKROOT = iphoneos;
				SWIFT_COMPILATION_MODE = wholemodule;
				SWIFT_OPTIMIZATION_LEVEL = "-O";
				VALIDATE_PRODUCT = YES;
			};
			name = Release;
		};
		F4E707E827B091C400DD5011 /* Debug */ = {
			isa = XCBuildConfiguration;
			buildSettings = {
				ASSETCATALOG_COMPILER_APPICON_NAME = AppIcon;
				ASSETCATALOG_COMPILER_GLOBAL_ACCENT_COLOR_NAME = AccentColor;
				CODE_SIGN_STYLE = Automatic;
				CURRENT_PROJECT_VERSION = 1;
				DEVELOPMENT_TEAM = JFPJ45M6X6;
				GENERATE_INFOPLIST_FILE = YES;
				INFOPLIST_FILE = comm/Info.plist;
				INFOPLIST_KEY_CFBundleDisplayName = Comm;
				INFOPLIST_KEY_UIApplicationSupportsIndirectInputEvents = YES;
				INFOPLIST_KEY_UILaunchStoryboardName = LaunchScreen;
				INFOPLIST_KEY_UISupportedInterfaceOrientations_iPad = "UIInterfaceOrientationPortrait UIInterfaceOrientationPortraitUpsideDown UIInterfaceOrientationLandscapeLeft UIInterfaceOrientationLandscapeRight";
				INFOPLIST_KEY_UISupportedInterfaceOrientations_iPhone = "UIInterfaceOrientationPortrait UIInterfaceOrientationLandscapeLeft UIInterfaceOrientationLandscapeRight";
				IPHONEOS_DEPLOYMENT_TARGET = 12.0;
				LD_RUNPATH_SEARCH_PATHS = (
					"$(inherited)",
					"@executable_path/Frameworks",
				);
				MARKETING_VERSION = 1.0;
				PRODUCT_BUNDLE_IDENTIFIER = com.simonnarai.comm;
				PRODUCT_NAME = "$(TARGET_NAME)";
				SWIFT_EMIT_LOC_STRINGS = YES;
				SWIFT_VERSION = 5.0;
				TARGETED_DEVICE_FAMILY = "1,2";
			};
			name = Debug;
		};
		F4E707E927B091C400DD5011 /* Release */ = {
			isa = XCBuildConfiguration;
			buildSettings = {
				ASSETCATALOG_COMPILER_APPICON_NAME = AppIcon;
				ASSETCATALOG_COMPILER_GLOBAL_ACCENT_COLOR_NAME = AccentColor;
				CODE_SIGN_STYLE = Automatic;
				CURRENT_PROJECT_VERSION = 1;
				DEVELOPMENT_TEAM = JFPJ45M6X6;
				GENERATE_INFOPLIST_FILE = YES;
				INFOPLIST_FILE = comm/Info.plist;
				INFOPLIST_KEY_CFBundleDisplayName = Comm;
				INFOPLIST_KEY_UIApplicationSupportsIndirectInputEvents = YES;
				INFOPLIST_KEY_UILaunchStoryboardName = LaunchScreen;
				INFOPLIST_KEY_UISupportedInterfaceOrientations_iPad = "UIInterfaceOrientationPortrait UIInterfaceOrientationPortraitUpsideDown UIInterfaceOrientationLandscapeLeft UIInterfaceOrientationLandscapeRight";
				INFOPLIST_KEY_UISupportedInterfaceOrientations_iPhone = "UIInterfaceOrientationPortrait UIInterfaceOrientationLandscapeLeft UIInterfaceOrientationLandscapeRight";
				IPHONEOS_DEPLOYMENT_TARGET = 12.0;
				LD_RUNPATH_SEARCH_PATHS = (
					"$(inherited)",
					"@executable_path/Frameworks",
				);
				MARKETING_VERSION = 1.0;
				PRODUCT_BUNDLE_IDENTIFIER = com.simonnarai.comm;
				PRODUCT_NAME = "$(TARGET_NAME)";
				SWIFT_EMIT_LOC_STRINGS = YES;
				SWIFT_VERSION = 5.0;
				TARGETED_DEVICE_FAMILY = "1,2";
			};
			name = Release;
		};
		F4E707EB27B091C400DD5011 /* Debug */ = {
			isa = XCBuildConfiguration;
			buildSettings = {
				ALWAYS_EMBED_SWIFT_STANDARD_LIBRARIES = YES;
				BUNDLE_LOADER = "$(TEST_HOST)";
				CODE_SIGN_STYLE = Automatic;
				CURRENT_PROJECT_VERSION = 1;
				DEVELOPMENT_TEAM = JFPJ45M6X6;
				GENERATE_INFOPLIST_FILE = YES;
				IPHONEOS_DEPLOYMENT_TARGET = 15.2;
				MARKETING_VERSION = 1.0;
				PRODUCT_BUNDLE_IDENTIFIER = com.simonnarai.commTests;
				PRODUCT_NAME = "$(TARGET_NAME)";
				SWIFT_EMIT_LOC_STRINGS = NO;
				SWIFT_VERSION = 5.0;
				TARGETED_DEVICE_FAMILY = "1,2";
				TEST_HOST = "$(BUILT_PRODUCTS_DIR)/comm.app/comm";
			};
			name = Debug;
		};
		F4E707EC27B091C400DD5011 /* Release */ = {
			isa = XCBuildConfiguration;
			buildSettings = {
				ALWAYS_EMBED_SWIFT_STANDARD_LIBRARIES = YES;
				BUNDLE_LOADER = "$(TEST_HOST)";
				CODE_SIGN_STYLE = Automatic;
				CURRENT_PROJECT_VERSION = 1;
				DEVELOPMENT_TEAM = JFPJ45M6X6;
				GENERATE_INFOPLIST_FILE = YES;
				IPHONEOS_DEPLOYMENT_TARGET = 15.2;
				MARKETING_VERSION = 1.0;
				PRODUCT_BUNDLE_IDENTIFIER = com.simonnarai.commTests;
				PRODUCT_NAME = "$(TARGET_NAME)";
				SWIFT_EMIT_LOC_STRINGS = NO;
				SWIFT_VERSION = 5.0;
				TARGETED_DEVICE_FAMILY = "1,2";
				TEST_HOST = "$(BUILT_PRODUCTS_DIR)/comm.app/comm";
			};
			name = Release;
		};
		F4E707EE27B091C400DD5011 /* Debug */ = {
			isa = XCBuildConfiguration;
			buildSettings = {
				ALWAYS_EMBED_SWIFT_STANDARD_LIBRARIES = YES;
				CODE_SIGN_STYLE = Automatic;
				CURRENT_PROJECT_VERSION = 1;
				DEVELOPMENT_TEAM = JFPJ45M6X6;
				GENERATE_INFOPLIST_FILE = YES;
				MARKETING_VERSION = 1.0;
				PRODUCT_BUNDLE_IDENTIFIER = com.simonnarai.commUITests;
				PRODUCT_NAME = "$(TARGET_NAME)";
				SWIFT_EMIT_LOC_STRINGS = NO;
				SWIFT_VERSION = 5.0;
				TARGETED_DEVICE_FAMILY = "1,2";
				TEST_TARGET_NAME = comm;
			};
			name = Debug;
		};
		F4E707EF27B091C400DD5011 /* Release */ = {
			isa = XCBuildConfiguration;
			buildSettings = {
				ALWAYS_EMBED_SWIFT_STANDARD_LIBRARIES = YES;
				CODE_SIGN_STYLE = Automatic;
				CURRENT_PROJECT_VERSION = 1;
				DEVELOPMENT_TEAM = JFPJ45M6X6;
				GENERATE_INFOPLIST_FILE = YES;
				MARKETING_VERSION = 1.0;
				PRODUCT_BUNDLE_IDENTIFIER = com.simonnarai.commUITests;
				PRODUCT_NAME = "$(TARGET_NAME)";
				SWIFT_EMIT_LOC_STRINGS = NO;
				SWIFT_VERSION = 5.0;
				TARGETED_DEVICE_FAMILY = "1,2";
				TEST_TARGET_NAME = comm;
			};
			name = Release;
		};
/* End XCBuildConfiguration section */

/* Begin XCConfigurationList section */
		F4E707B827B091C300DD5011 /* Build configuration list for PBXProject "comm" */ = {
			isa = XCConfigurationList;
			buildConfigurations = (
				F4E707E527B091C400DD5011 /* Debug */,
				F4E707E627B091C400DD5011 /* Release */,
			);
			defaultConfigurationIsVisible = 0;
			defaultConfigurationName = Release;
		};
		F4E707E727B091C400DD5011 /* Build configuration list for PBXNativeTarget "comm" */ = {
			isa = XCConfigurationList;
			buildConfigurations = (
				F4E707E827B091C400DD5011 /* Debug */,
				F4E707E927B091C400DD5011 /* Release */,
			);
			defaultConfigurationIsVisible = 0;
			defaultConfigurationName = Release;
		};
		F4E707EA27B091C400DD5011 /* Build configuration list for PBXNativeTarget "commTests" */ = {
			isa = XCConfigurationList;
			buildConfigurations = (
				F4E707EB27B091C400DD5011 /* Debug */,
				F4E707EC27B091C400DD5011 /* Release */,
			);
			defaultConfigurationIsVisible = 0;
			defaultConfigurationName = Release;
		};
		F4E707ED27B091C400DD5011 /* Build configuration list for PBXNativeTarget "commUITests" */ = {
			isa = XCConfigurationList;
			buildConfigurations = (
				F4E707EE27B091C400DD5011 /* Debug */,
				F4E707EF27B091C400DD5011 /* Release */,
			);
			defaultConfigurationIsVisible = 0;
			defaultConfigurationName = Release;
		};
/* End XCConfigurationList section */
	};
	rootObject = F4E707B527B091C300DD5011 /* Project object */;
}
